<?xml version="1.0" encoding="utf-8"?>
<Project ToolsVersion="4.0" xmlns="http://schemas.microsoft.com/developer/msbuild/2003">
  <ItemGroup>
    <Filter Include="Source Files">
      <UniqueIdentifier>{4FC737F1-C7A5-4376-A066-2A32D752A2FF}</UniqueIdentifier>
      <Extensions>cpp;c;cc;cxx;c++;cppm;ixx;def;odl;idl;hpj;bat;asm;asmx</Extensions>
    </Filter>
    <Filter Include="Header Files">
      <UniqueIdentifier>{93995380-89BD-4b04-88EB-625FBE52EBFB}</UniqueIdentifier>
      <Extensions>h;hh;hpp;hxx;h++;hm;inl;inc;ipp;xsd</Extensions>
    </Filter>
    <Filter Include="Resource Files">
      <UniqueIdentifier>{67DA6AB6-F800-4c08-8B7A-83BB121AAD01}</UniqueIdentifier>
      <Extensions>rc;ico;cur;bmp;dlg;rc2;rct;bin;rgs;gif;jpg;jpeg;jpe;resx;tiff;tif;png;wav;mfcribbon-ms</Extensions>
    </Filter>
    <Filter Include="Source Files\tests">
      <UniqueIdentifier>{62450864-169d-4a5d-a76b-fe37e5225011}</UniqueIdentifier>
    </Filter>
    <Filter Include="Source Files\sources">
      <UniqueIdentifier>{1d1e3b18-7e56-46c3-ad82-8ca0f036aa04}</UniqueIdentifier>
    </Filter>
    <Filter Include="Source Files\sources\utils">
      <UniqueIdentifier>{bfed053c-9632-434e-b4ce-5c42c88e278c}</UniqueIdentifier>
    </Filter>
    <Filter Include="Source Files\sources\pso">
      <UniqueIdentifier>{a7b9f597-e340-4479-a85c-586c3bfc0cb3}</UniqueIdentifier>
    </Filter>
  </ItemGroup>
  <ItemGroup>
    <ClCompile Include="tests\Zot.cpp">
      <Filter>Source Files\tests</Filter>
    </ClCompile>
    <ClCompile Include="sources\utils\ODESolver.cpp">
      <Filter>Source Files\sources\utils</Filter>
    </ClCompile>
    <ClCompile Include="sources\pso\PSO.cpp">
      <Filter>Source Files\sources\pso</Filter>
    </ClCompile>
  </ItemGroup>
  <ItemGroup>
    <ClInclude Include="sources\utils\ODESolver.h">
      <Filter>Source Files\sources\utils</Filter>
    </ClInclude>
    <ClInclude Include="sources\pso\PSO.h">
      <Filter>Source Files\sources\pso</Filter>
    </ClInclude>
    <ClInclude Include="sources\utils\CsvWriter.h">
      <Filter>Source Files\sources\utils</Filter>
    </ClInclude>
  </ItemGroup>
</Project>